
Microsoft Visual Studio Solution File, Format Version 12.00
# Visual Studio Version 17
VisualStudioVersion = 17.0.31903.59
MinimumVisualStudioVersion = 10.0.40219.1
Project("{2150E333-8FDC-42A3-9474-1A3956D46DE8}") = "src", "src", "{03BF0A4B-AFD7-4EB2-82AE-4CA21B5A84CC}"
EndProject
Project("{2150E333-8FDC-42A3-9474-1A3956D46DE8}") = "tests", "tests", "{70F80265-14AA-4493-913C-4CE196B38EFC}"
EndProject
Project("{2150E333-8FDC-42A3-9474-1A3956D46DE8}") = "Application", "Application", "{7466395D-82F6-490E-A233-5D891FC2C9DE}"
EndProject
Project("{2150E333-8FDC-42A3-9474-1A3956D46DE8}") = "Domain", "Domain", "{89B1BEEB-6AC7-4A99-9943-8CDF400B5D7F}"
EndProject
Project("{2150E333-8FDC-42A3-9474-1A3956D46DE8}") = "Infracture", "Infracture", "{76EE6B54-CF51-4422-9FA7-8706B5A2AD24}"
EndProject
Project("{2150E333-8FDC-42A3-9474-1A3956D46DE8}") = "Services", "Services", "{18ADF6C2-9B1A-427D-B69A-14B1957EEE51}"
EndProject
Project("{2150E333-8FDC-42A3-9474-1A3956D46DE8}") = "Client", "Client", "{36F6B1D0-C592-4E76-BF9E-52A753407B4F}"
EndProject
Project("{2150E333-8FDC-42A3-9474-1A3956D46DE8}") = "Application.Integration.Tests", "Application.Integration.Tests", "{EC95DEA4-084F-4813-B68A-924D97935E7F}"
EndProject
Project("{2150E333-8FDC-42A3-9474-1A3956D46DE8}") = "Application.UnitTests", "Application.UnitTests", "{AB28D774-3A7E-4584-9A08-E19FD835CED3}"
EndProject
Project("{2150E333-8FDC-42A3-9474-1A3956D46DE8}") = "Domain.UnitTests", "Domain.UnitTests", "{CC6B42EC-8C5C-41D7-841A-753818D4F808}"
EndProject
Project("{2150E333-8FDC-42A3-9474-1A3956D46DE8}") = "Service.AcceptanceTests", "Service.AcceptanceTests", "{D3C79F53-0B85-4A0B-98F4-CD01C3279F7E}"
EndProject
Project("{FAE04EC0-301F-11D3-BF4B-00C04F79EFBC}") = "Store.DependencyInjection.API", "Store.DependencyInjection.API\Store.DependencyInjection.API.csproj", "{00544C13-6C3C-4579-88B6-CCDA838BF084}"
EndProject
Global
	GlobalSection(SolutionConfigurationPlatforms) = preSolution
		Debug|Any CPU = Debug|Any CPU
		Release|Any CPU = Release|Any CPU
	EndGlobalSection
	GlobalSection(ProjectConfigurationPlatforms) = postSolution
		{00544C13-6C3C-4579-88B6-CCDA838BF084}.Debug|Any CPU.ActiveCfg = Debug|Any CPU
		{00544C13-6C3C-4579-88B6-CCDA838BF084}.Debug|Any CPU.Build.0 = Debug|Any CPU
		{00544C13-6C3C-4579-88B6-CCDA838BF084}.Release|Any CPU.ActiveCfg = Release|Any CPU
		{00544C13-6C3C-4579-88B6-CCDA838BF084}.Release|Any CPU.Build.0 = Release|Any CPU
	EndGlobalSection
	GlobalSection(SolutionProperties) = preSolution
		HideSolutionNode = FALSE
	EndGlobalSection
	GlobalSection(NestedProjects) = preSolution
		{7466395D-82F6-490E-A233-5D891FC2C9DE} = {03BF0A4B-AFD7-4EB2-82AE-4CA21B5A84CC}
		{89B1BEEB-6AC7-4A99-9943-8CDF400B5D7F} = {03BF0A4B-AFD7-4EB2-82AE-4CA21B5A84CC}
		{76EE6B54-CF51-4422-9FA7-8706B5A2AD24} = {03BF0A4B-AFD7-4EB2-82AE-4CA21B5A84CC}
		{18ADF6C2-9B1A-427D-B69A-14B1957EEE51} = {03BF0A4B-AFD7-4EB2-82AE-4CA21B5A84CC}
		{36F6B1D0-C592-4E76-BF9E-52A753407B4F} = {03BF0A4B-AFD7-4EB2-82AE-4CA21B5A84CC}
		{EC95DEA4-084F-4813-B68A-924D97935E7F} = {70F80265-14AA-4493-913C-4CE196B38EFC}
		{AB28D774-3A7E-4584-9A08-E19FD835CED3} = {70F80265-14AA-4493-913C-4CE196B38EFC}
		{CC6B42EC-8C5C-41D7-841A-753818D4F808} = {70F80265-14AA-4493-913C-4CE196B38EFC}
		{D3C79F53-0B85-4A0B-98F4-CD01C3279F7E} = {70F80265-14AA-4493-913C-4CE196B38EFC}
		{00544C13-6C3C-4579-88B6-CCDA838BF084} = {18ADF6C2-9B1A-427D-B69A-14B1957EEE51}
	EndGlobalSection
	GlobalSection(ExtensibilityGlobals) = postSolution
		SolutionGuid = {C4F25BAB-7B90-446D-BA7F-088AE7FDDDC2}
	EndGlobalSection
EndGlobal
